{
    "_readme": [
        "This file locks the dependencies of your project to a known state",
        "Read more about it at https://getcomposer.org/doc/01-basic-usage.md#installing-dependencies",
        "This file is @generated automatically"
    ],
    "content-hash": "b17333bb475f1ac53adb1c52ad344ef7",
    "packages": [
        {
            "name": "oxyrealm/loader",
            "version": "dev-master",
            "source": {
                "type": "git",
                "url": "https://github.com/oxyrealm/loader.git",
                "reference": "51ee476a4be36b79de28a73ec1a2cebd6db41100"
            },
            "dist": {
                "type": "zip",
                "url": "https://api.github.com/repos/oxyrealm/loader/zipball/51ee476a4be36b79de28a73ec1a2cebd6db41100",
                "reference": "51ee476a4be36b79de28a73ec1a2cebd6db41100",
                "shasum": ""
            },
            "default-branch": true,
            "type": "library",
            "autoload": {
                "psr-4": {
                    "Oxyrealm\\Loader\\": "src"
                }
            },
            "authors": [
                {
                    "name": "oxyrealm",
                    "email": "hello@oxyrealm.com"
                }
            ],
            "support": {
                "source": "https://github.com/oxyrealm/loader/tree/master",
                "issues": "https://github.com/oxyrealm/loader/issues"
            },
            "time": "2021-06-11T00:30:52+00:00"
        }
    ],
    "packages-dev": [],
    "aliases": [],
    "minimum-stability": "dev",
    "stability-flags": [],
    "prefer-stable": false,
    "prefer-lowest": false,
    "platform": [],
    "platform-dev": [],
    "plugin-api-version": "2.1.0"
}
